// !$*UTF8*$!
{
	archiveVersion = 1;
	classes = {
	};
	objectVersion = 50;
	objects = {

/* Begin PBXBuildFile section */
		8178BF202199E81500C81462 /* AppDelegate.m in Sources */ = {isa = PBXBuildFile; fileRef = 8178BF1F2199E81500C81462 /* AppDelegate.m */; };
		8178BF232199E81500C81462 /* ViewController.m in Sources */ = {isa = PBXBuildFile; fileRef = 8178BF222199E81500C81462 /* ViewController.m */; };
		8178BF252199E81800C81462 /* Assets.xcassets in Resources */ = {isa = PBXBuildFile; fileRef = 8178BF242199E81800C81462 /* Assets.xcassets */; };
		8178BF282199E81800C81462 /* Main.storyboard in Resources */ = {isa = PBXBuildFile; fileRef = 8178BF262199E81800C81462 /* Main.storyboard */; };
		8178BF362199E81800C81462 /* TheMazeProjectTests.m in Sources */ = {isa = PBXBuildFile; fileRef = 8178BF352199E81800C81462 /* TheMazeProjectTests.m */; };
		8178BF412199E81800C81462 /* TheMazeProjectUITests.m in Sources */ = {isa = PBXBuildFile; fileRef = 8178BF402199E81800C81462 /* TheMazeProjectUITests.m */; };
		8178BF502199E83300C81462 /* main.cpp in Sources */ = {isa = PBXBuildFile; fileRef = 8178BF4E2199E83300C81462 /* main.cpp */; };
/* End PBXBuildFile section */

/* Begin PBXContainerItemProxy section */
		8178BF322199E81800C81462 /* PBXContainerItemProxy */ = {
			isa = PBXContainerItemProxy;
			containerPortal = 8178BF132199E81500C81462 /* Project object */;
			proxyType = 1;
			remoteGlobalIDString = 8178BF1A2199E81500C81462;
			remoteInfo = TheMazeProject;
		};
		8178BF3D2199E81800C81462 /* PBXContainerItemProxy */ = {
			isa = PBXContainerItemProxy;
			containerPortal = 8178BF132199E81500C81462 /* Project object */;
			proxyType = 1;
			remoteGlobalIDString = 8178BF1A2199E81500C81462;
			remoteInfo = TheMazeProject;
		};
/* End PBXContainerItemProxy section */

/* Begin PBXFileReference section */
		8178BF1B2199E81500C81462 /* TheMazeProject.app */ = {isa = PBXFileReference; explicitFileType = wrapper.application; includeInIndex = 0; path = TheMazeProject.app; sourceTree = BUILT_PRODUCTS_DIR; };
		8178BF1E2199E81500C81462 /* AppDelegate.h */ = {isa = PBXFileReference; lastKnownFileType = sourcecode.c.h; path = AppDelegate.h; sourceTree = "<group>"; };
		8178BF1F2199E81500C81462 /* AppDelegate.m */ = {isa = PBXFileReference; lastKnownFileType = sourcecode.c.objc; path = AppDelegate.m; sourceTree = "<group>"; };
		8178BF212199E81500C81462 /* ViewController.h */ = {isa = PBXFileReference; lastKnownFileType = sourcecode.c.h; path = ViewController.h; sourceTree = "<group>"; };
		8178BF222199E81500C81462 /* ViewController.m */ = {isa = PBXFileReference; lastKnownFileType = sourcecode.c.objc; path = ViewController.m; sourceTree = "<group>"; };
		8178BF242199E81800C81462 /* Assets.xcassets */ = {isa = PBXFileReference; lastKnownFileType = folder.assetcatalog; path = Assets.xcassets; sourceTree = "<group>"; };
		8178BF272199E81800C81462 /* Base */ = {isa = PBXFileReference; lastKnownFileType = file.storyboard; name = Base; path = Base.lproj/Main.storyboard; sourceTree = "<group>"; };
		8178BF292199E81800C81462 /* Info.plist */ = {isa = PBXFileReference; lastKnownFileType = text.plist.xml; path = Info.plist; sourceTree = "<group>"; };
		8178BF2C2199E81800C81462 /* TheMazeProject.entitlements */ = {isa = PBXFileReference; lastKnownFileType = text.plist.entitlements; path = TheMazeProject.entitlements; sourceTree = "<group>"; };
		8178BF312199E81800C81462 /* TheMazeProjectTests.xctest */ = {isa = PBXFileReference; explicitFileType = wrapper.cfbundle; includeInIndex = 0; path = TheMazeProjectTests.xctest; sourceTree = BUILT_PRODUCTS_DIR; };
		8178BF352199E81800C81462 /* TheMazeProjectTests.m */ = {isa = PBXFileReference; lastKnownFileType = sourcecode.c.objc; path = TheMazeProjectTests.m; sourceTree = "<group>"; };
		8178BF372199E81800C81462 /* Info.plist */ = {isa = PBXFileReference; lastKnownFileType = text.plist.xml; path = Info.plist; sourceTree = "<group>"; };
		8178BF3C2199E81800C81462 /* TheMazeProjectUITests.xctest */ = {isa = PBXFileReference; explicitFileType = wrapper.cfbundle; includeInIndex = 0; path = TheMazeProjectUITests.xctest; sourceTree = BUILT_PRODUCTS_DIR; };
		8178BF402199E81800C81462 /* TheMazeProjectUITests.m */ = {isa = PBXFileReference; lastKnownFileType = sourcecode.c.objc; path = TheMazeProjectUITests.m; sourceTree = "<group>"; };
		8178BF422199E81800C81462 /* Info.plist */ = {isa = PBXFileReference; lastKnownFileType = text.plist.xml; path = Info.plist; sourceTree = "<group>"; };
		8178BF4E2199E83300C81462 /* main.cpp */ = {isa = PBXFileReference; lastKnownFileType = sourcecode.cpp.cpp; path = main.cpp; sourceTree = "<group>"; };
		8178BF4F2199E83300C81462 /* main.hpp */ = {isa = PBXFileReference; lastKnownFileType = sourcecode.cpp.h; path = main.hpp; sourceTree = "<group>"; };
/* End PBXFileReference section */

/* Begin PBXFrameworksBuildPhase section */
		8178BF182199E81500C81462 /* Frameworks */ = {
			isa = PBXFrameworksBuildPhase;
			buildActionMask = 2147483647;
			files = (
			);
			runOnlyForDeploymentPostprocessing = 0;
		};
		8178BF2E2199E81800C81462 /* Frameworks */ = {
			isa = PBXFrameworksBuildPhase;
			buildActionMask = 2147483647;
			files = (
			);
			runOnlyForDeploymentPostprocessing = 0;
		};
		8178BF392199E81800C81462 /* Frameworks */ = {
			isa = PBXFrameworksBuildPhase;
			buildActionMask = 2147483647;
			files = (
			);
			runOnlyForDeploymentPostprocessing = 0;
		};
/* End PBXFrameworksBuildPhase section */

/* Begin PBXGroup section */
		8178BF122199E81500C81462 = {
			isa = PBXGroup;
			children = (
				8178BF1D2199E81500C81462 /* TheMazeProject */,
				8178BF342199E81800C81462 /* TheMazeProjectTests */,
				8178BF3F2199E81800C81462 /* TheMazeProjectUITests */,
				8178BF1C2199E81500C81462 /* Products */,
			);
			sourceTree = "<group>";
		};
		8178BF1C2199E81500C81462 /* Products */ = {
			isa = PBXGroup;
			children = (
				8178BF1B2199E81500C81462 /* TheMazeProject.app */,
				8178BF312199E81800C81462 /* TheMazeProjectTests.xctest */,
				8178BF3C2199E81800C81462 /* TheMazeProjectUITests.xctest */,
			);
			name = Products;
			sourceTree = "<group>";
		};
		8178BF1D2199E81500C81462 /* TheMazeProject */ = {
			isa = PBXGroup;
			children = (
				8178BF1E2199E81500C81462 /* AppDelegate.h */,
				8178BF1F2199E81500C81462 /* AppDelegate.m */,
				8178BF212199E81500C81462 /* ViewController.h */,
				8178BF222199E81500C81462 /* ViewController.m */,
				8178BF242199E81800C81462 /* Assets.xcassets */,
				8178BF262199E81800C81462 /* Main.storyboard */,
				8178BF292199E81800C81462 /* Info.plist */,
				8178BF2C2199E81800C81462 /* TheMazeProject.entitlements */,
				8178BF4E2199E83300C81462 /* main.cpp */,
				8178BF4F2199E83300C81462 /* main.hpp */,
			);
			path = TheMazeProject;
			sourceTree = "<group>";
		};
		8178BF342199E81800C81462 /* TheMazeProjectTests */ = {
			isa = PBXGroup;
			children = (
				8178BF352199E81800C81462 /* TheMazeProjectTests.m */,
				8178BF372199E81800C81462 /* Info.plist */,
			);
			path = TheMazeProjectTests;
			sourceTree = "<group>";
		};
		8178BF3F2199E81800C81462 /* TheMazeProjectUITests */ = {
			isa = PBXGroup;
			children = (
				8178BF402199E81800C81462 /* TheMazeProjectUITests.m */,
				8178BF422199E81800C81462 /* Info.plist */,
			);
			path = TheMazeProjectUITests;
			sourceTree = "<group>";
		};
/* End PBXGroup section */

/* Begin PBXNativeTarget section */
		8178BF1A2199E81500C81462 /* TheMazeProject */ = {
			isa = PBXNativeTarget;
			buildConfigurationList = 8178BF452199E81800C81462 /* Build configuration list for PBXNativeTarget "TheMazeProject" */;
			buildPhases = (
				8178BF172199E81500C81462 /* Sources */,
				8178BF182199E81500C81462 /* Frameworks */,
				8178BF192199E81500C81462 /* Resources */,
			);
			buildRules = (
			);
			dependencies = (
			);
			name = TheMazeProject;
			productName = TheMazeProject;
			productReference = 8178BF1B2199E81500C81462 /* TheMazeProject.app */;
			productType = "com.apple.product-type.application";
		};
		8178BF302199E81800C81462 /* TheMazeProjectTests */ = {
			isa = PBXNativeTarget;
			buildConfigurationList = 8178BF482199E81800C81462 /* Build configuration list for PBXNativeTarget "TheMazeProjectTests" */;
			buildPhases = (
				8178BF2D2199E81800C81462 /* Sources */,
				8178BF2E2199E81800C81462 /* Frameworks */,
				8178BF2F2199E81800C81462 /* Resources */,
			);
			buildRules = (
			);
			dependencies = (
				8178BF332199E81800C81462 /* PBXTargetDependency */,
			);
			name = TheMazeProjectTests;
			productName = TheMazeProjectTests;
			productReference = 8178BF312199E81800C81462 /* TheMazeProjectTests.xctest */;
			productType = "com.apple.product-type.bundle.unit-test";
		};
		8178BF3B2199E81800C81462 /* TheMazeProjectUITests */ = {
			isa = PBXNativeTarget;
			buildConfigurationList = 8178BF4B2199E81800C81462 /* Build configuration list for PBXNativeTarget "TheMazeProjectUITests" */;
			buildPhases = (
				8178BF382199E81800C81462 /* Sources */,
				8178BF392199E81800C81462 /* Frameworks */,
				8178BF3A2199E81800C81462 /* Resources */,
			);
			buildRules = (
			);
			dependencies = (
				8178BF3E2199E81800C81462 /* PBXTargetDependency */,
			);
			name = TheMazeProjectUITests;
			productName = TheMazeProjectUITests;
			productReference = 8178BF3C2199E81800C81462 /* TheMazeProjectUITests.xctest */;
			productType = "com.apple.product-type.bundle.ui-testing";
		};
/* End PBXNativeTarget section */

/* Begin PBXProject section */
		8178BF132199E81500C81462 /* Project object */ = {
			isa = PBXProject;
			attributes = {
				LastUpgradeCheck = 1010;
				ORGANIZATIONNAME = usoysal;
				TargetAttributes = {
					8178BF1A2199E81500C81462 = {
						CreatedOnToolsVersion = 10.1;
					};
					8178BF302199E81800C81462 = {
						CreatedOnToolsVersion = 10.1;
						TestTargetID = 8178BF1A2199E81500C81462;
					};
					8178BF3B2199E81800C81462 = {
						CreatedOnToolsVersion = 10.1;
						TestTargetID = 8178BF1A2199E81500C81462;
					};
				};
			};
			buildConfigurationList = 8178BF162199E81500C81462 /* Build configuration list for PBXProject "TheMazeProject" */;
			compatibilityVersion = "Xcode 9.3";
			developmentRegion = en;
			hasScannedForEncodings = 0;
			knownRegions = (
				en,
				Base,
			);
			mainGroup = 8178BF122199E81500C81462;
			productRefGroup = 8178BF1C2199E81500C81462 /* Products */;
			projectDirPath = "";
			projectRoot = "";
			targets = (
				8178BF1A2199E81500C81462 /* TheMazeProject */,
				8178BF302199E81800C81462 /* TheMazeProjectTests */,
				8178BF3B2199E81800C81462 /* TheMazeProjectUITests */,
			);
		};
/* End PBXProject section */

/* Begin PBXResourcesBuildPhase section */
		8178BF192199E81500C81462 /* Resources */ = {
			isa = PBXResourcesBuildPhase;
			buildActionMask = 2147483647;
			files = (
				8178BF252199E81800C81462 /* Assets.xcassets in Resources */,
				8178BF282199E81800C81462 /* Main.storyboard in Resources */,
			);
			runOnlyForDeploymentPostprocessing = 0;
		};
		8178BF2F2199E81800C81462 /* Resources */ = {
			isa = PBXResourcesBuildPhase;
			buildActionMask = 2147483647;
			files = (
			);
			runOnlyForDeploymentPostprocessing = 0;
		};
		8178BF3A2199E81800C81462 /* Resources */ = {
			isa = PBXResourcesBuildPhase;
			buildActionMask = 2147483647;
			files = (
			);
			runOnlyForDeploymentPostprocessing = 0;
		};
/* End PBXResourcesBuildPhase section */

/* Begin PBXSourcesBuildPhase section */
		8178BF172199E81500C81462 /* Sources */ = {
			isa = PBXSourcesBuildPhase;
			buildActionMask = 2147483647;
			files = (
				8178BF232199E81500C81462 /* ViewController.m in Sources */,
				8178BF202199E81500C81462 /* AppDelegate.m in Sources */,
				8178BF502199E83300C81462 /* main.cpp in Sources */,
			);
			runOnlyForDeploymentPostprocessing = 0;
		};
		8178BF2D2199E81800C81462 /* Sources */ = {
			isa = PBXSourcesBuildPhase;
			buildActionMask = 2147483647;
			files = (
				8178BF362199E81800C81462 /* TheMazeProjectTests.m in Sources */,
			);
			runOnlyForDeploymentPostprocessing = 0;
		};
		8178BF382199E81800C81462 /* Sources */ = {
			isa = PBXSourcesBuildPhase;
			buildActionMask = 2147483647;
			files = (
				8178BF412199E81800C81462 /* TheMazeProjectUITests.m in Sources */,
			);
			runOnlyForDeploymentPostprocessing = 0;
		};
/* End PBXSourcesBuildPhase section */

/* Begin PBXTargetDependency section */
		8178BF332199E81800C81462 /* PBXTargetDependency */ = {
			isa = PBXTargetDependency;
			target = 8178BF1A2199E81500C81462 /* TheMazeProject */;
			targetProxy = 8178BF322199E81800C81462 /* PBXContainerItemProxy */;
		};
		8178BF3E2199E81800C81462 /* PBXTargetDependency */ = {
			isa = PBXTargetDependency;
			target = 8178BF1A2199E81500C81462 /* TheMazeProject */;
			targetProxy = 8178BF3D2199E81800C81462 /* PBXContainerItemProxy */;
		};
/* End PBXTargetDependency section */

/* Begin PBXVariantGroup section */
		8178BF262199E81800C81462 /* Main.storyboard */ = {
			isa = PBXVariantGroup;
			children = (
				8178BF272199E81800C81462 /* Base */,
			);
			name = Main.storyboard;
			sourceTree = "<group>";
		};
/* End PBXVariantGroup section */

/* Begin XCBuildConfiguration section */
		8178BF432199E81800C81462 /* Debug */ = {
			isa = XCBuildConfiguration;
			buildSettings = {
				ALWAYS_SEARCH_USER_PATHS = NO;
				CLANG_ANALYZER_NONNULL = YES;
				CLANG_ANALYZER_NUMBER_OBJECT_CONVERSION = YES_AGGRESSIVE;
				CLANG_CXX_LANGUAGE_STANDARD = "gnu++14";
				CLANG_CXX_LIBRARY = "libc++";
				CLANG_ENABLE_MODULES = YES;
				CLANG_ENABLE_OBJC_ARC = YES;
				CLANG_ENABLE_OBJC_WEAK = YES;
				CLANG_WARN_BLOCK_CAPTURE_AUTORELEASING = YES;
				CLANG_WARN_BOOL_CONVERSION = YES;
				CLANG_WARN_COMMA = YES;
				CLANG_WARN_CONSTANT_CONVERSION = YES;
				CLANG_WARN_DEPRECATED_OBJC_IMPLEMENTATIONS = YES;
				CLANG_WARN_DIRECT_OBJC_ISA_USAGE = YES_ERROR;
				CLANG_WARN_DOCUMENTATION_COMMENTS = YES;
				CLANG_WARN_EMPTY_BODY = YES;
				CLANG_WARN_ENUM_CONVERSION = YES;
				CLANG_WARN_INFINITE_RECURSION = YES;
				CLANG_WARN_INT_CONVERSION = YES;
				CLANG_WARN_NON_LITERAL_NULL_CONVERSION = YES;
				CLANG_WARN_OBJC_IMPLICIT_RETAIN_SELF = YES;
				CLANG_WARN_OBJC_LITERAL_CONVERSION = YES;
				CLANG_WARN_OBJC_ROOT_CLASS = YES_ERROR;
				CLANG_WARN_RANGE_LOOP_ANALYSIS = YES;
				CLANG_WARN_STRICT_PROTOTYPES = YES;
				CLANG_WARN_SUSPICIOUS_MOVE = YES;
				CLANG_WARN_UNGUARDED_AVAILABILITY = YES_AGGRESSIVE;
				CLANG_WARN_UNREACHABLE_CODE = YES;
				CLANG_WARN__DUPLICATE_METHOD_MATCH = YES;
				CODE_SIGN_IDENTITY = "-";
				COPY_PHASE_STRIP = NO;
				DEBUG_INFORMATION_FORMAT = dwarf;
				ENABLE_STRICT_OBJC_MSGSEND = YES;
				ENABLE_TESTABILITY = YES;
				GCC_C_LANGUAGE_STANDARD = gnu11;
				GCC_DYNAMIC_NO_PIC = NO;
				GCC_NO_COMMON_BLOCKS = YES;
				GCC_OPTIMIZATION_LEVEL = 0;
				GCC_PREPROCESSOR_DEFINITIONS = (
					"DEBUG=1",
					"$(inherited)",
				);
				GCC_WARN_64_TO_32_BIT_CONVERSION = YES;
				GCC_WARN_ABOUT_RETURN_TYPE = YES_ERROR;
				GCC_WARN_UNDECLARED_SELECTOR = YES;
				GCC_WARN_UNINITIALIZED_AUTOS = YES_AGGRESSIVE;
				GCC_WARN_UNUSED_FUNCTION = YES;
				GCC_WARN_UNUSED_VARIABLE = YES;
				MACOSX_DEPLOYMENT_TARGET = 10.14;
				MTL_ENABLE_DEBUG_INFO = INCLUDE_SOURCE;
				MTL_FAST_MATH = YES;
				ONLY_ACTIVE_ARCH = YES;
				SDKROOT = macosx;
			};
			name = Debug;
		};
		8178BF442199E81800C81462 /* Release */ = {
			isa = XCBuildConfiguration;
			buildSettings = {
				ALWAYS_SEARCH_USER_PATHS = NO;
				CLANG_ANALYZER_NONNULL = YES;
				CLANG_ANALYZER_NUMBER_OBJECT_CONVERSION = YES_AGGRESSIVE;
				CLANG_CXX_LANGUAGE_STANDARD = "gnu++14";
				CLANG_CXX_LIBRARY = "libc++";
				CLANG_ENABLE_MODULES = YES;
				CLANG_ENABLE_OBJC_ARC = YES;
				CLANG_ENABLE_OBJC_WEAK = YES;
				CLANG_WARN_BLOCK_CAPTURE_AUTORELEASING = YES;
				CLANG_WARN_BOOL_CONVERSION = YES;
				CLANG_WARN_COMMA = YES;
				CLANG_WARN_CONSTANT_CONVERSION = YES;
				CLANG_WARN_DEPRECATED_OBJC_IMPLEMENTATIONS = YES;
				CLANG_WARN_DIRECT_OBJC_ISA_USAGE = YES_ERROR;
				CLANG_WARN_DOCUMENTATION_COMMENTS = YES;
				CLANG_WARN_EMPTY_BODY = YES;
				CLANG_WARN_ENUM_CONVERSION = YES;
				CLANG_WARN_INFINITE_RECURSION = YES;
				CLANG_WARN_INT_CONVERSION = YES;
				CLANG_WARN_NON_LITERAL_NULL_CONVERSION = YES;
				CLANG_WARN_OBJC_IMPLICIT_RETAIN_SELF = YES;
				CLANG_WARN_OBJC_LITERAL_CONVERSION = YES;
				CLANG_WARN_OBJC_ROOT_CLASS = YES_ERROR;
				CLANG_WARN_RANGE_LOOP_ANALYSIS = YES;
				CLANG_WARN_STRICT_PROTOTYPES = YES;
				CLANG_WARN_SUSPICIOUS_MOVE = YES;
				CLANG_WARN_UNGUARDED_AVAILABILITY = YES_AGGRESSIVE;
				CLANG_WARN_UNREACHABLE_CODE = YES;
				CLANG_WARN__DUPLICATE_METHOD_MATCH = YES;
				CODE_SIGN_IDENTITY = "-";
				COPY_PHASE_STRIP = NO;
				DEBUG_INFORMATION_FORMAT = "dwarf-with-dsym";
				ENABLE_NS_ASSERTIONS = NO;
				ENABLE_STRICT_OBJC_MSGSEND = YES;
				GCC_C_LANGUAGE_STANDARD = gnu11;
				GCC_NO_COMMON_BLOCKS = YES;
				GCC_WARN_64_TO_32_BIT_CONVERSION = YES;
				GCC_WARN_ABOUT_RETURN_TYPE = YES_ERROR;
				GCC_WARN_UNDECLARED_SELECTOR = YES;
				GCC_WARN_UNINITIALIZED_AUTOS = YES_AGGRESSIVE;
				GCC_WARN_UNUSED_FUNCTION = YES;
				GCC_WARN_UNUSED_VARIABLE = YES;
				MACOSX_DEPLOYMENT_TARGET = 10.14;
				MTL_ENABLE_DEBUG_INFO = NO;
				MTL_FAST_MATH = YES;
				SDKROOT = macosx;
			};
			name = Release;
		};
		8178BF462199E81800C81462 /* Debug */ = {
			isa = XCBuildConfiguration;
			buildSettings = {
				ASSETCATALOG_COMPILER_APPICON_NAME = AppIcon;
				CODE_SIGN_ENTITLEMENTS = TheMazeProject/TheMazeProject.entitlements;
				CODE_SIGN_STYLE = Automatic;
				COMBINE_HIDPI_IMAGES = YES;
				INFOPLIST_FILE = TheMazeProject/Info.plist;
				LD_RUNPATH_SEARCH_PATHS = (
					"$(inherited)",
					"@executable_path/../Frameworks",
				);
				PRODUCT_BUNDLE_IDENTIFIER = cmu.TheMazeProject;
				PRODUCT_NAME = "$(TARGET_NAME)";
			};
			name = Debug;
		};
		8178BF472199E81800C81462 /* Release */ = {
			isa = XCBuildConfiguration;
			buildSettings = {
				ASSETCATALOG_COMPILER_APPICON_NAME = AppIcon;
				CODE_SIGN_ENTITLEMENTS = TheMazeProject/TheMazeProject.entitlements;
				CODE_SIGN_STYLE = Automatic;
				COMBINE_HIDPI_IMAGES = YES;
				INFOPLIST_FILE = TheMazeProject/Info.plist;
				LD_RUNPATH_SEARCH_PATHS = (
					"$(inherited)",
					"@executable_path/../Frameworks",
				);
				PRODUCT_BUNDLE_IDENTIFIER = cmu.TheMazeProject;
				PRODUCT_NAME = "$(TARGET_NAME)";
			};
			name = Release;
		};
		8178BF492199E81800C81462 /* Debug */ = {
			isa = XCBuildConfiguration;
			buildSettings = {
				BUNDLE_LOADER = "$(TEST_HOST)";
				CODE_SIGN_STYLE = Automatic;
				COMBINE_HIDPI_IMAGES = YES;
				INFOPLIST_FILE = TheMazeProjectTests/Info.plist;
				LD_RUNPATH_SEARCH_PATHS = (
					"$(inherited)",
					"@executable_path/../Frameworks",
					"@loader_path/../Frameworks",
				);
				PRODUCT_BUNDLE_IDENTIFIER = cmu.TheMazeProjectTests;
				PRODUCT_NAME = "$(TARGET_NAME)";
				TEST_HOST = "$(BUILT_PRODUCTS_DIR)/TheMazeProject.app/Contents/MacOS/TheMazeProject";
			};
			name = Debug;
		};
		8178BF4A2199E81800C81462 /* Release */ = {
			isa = XCBuildConfiguration;
			buildSettings = {
				BUNDLE_LOADER = "$(TEST_HOST)";
				CODE_SIGN_STYLE = Automatic;
				COMBINE_HIDPI_IMAGES = YES;
				INFOPLIST_FILE = TheMazeProjectTests/Info.plist;
				LD_RUNPATH_SEARCH_PATHS = (
					"$(inherited)",
					"@executable_path/../Frameworks",
					"@loader_path/../Frameworks",
				);
				PRODUCT_BUNDLE_IDENTIFIER = cmu.TheMazeProjectTests;
				PRODUCT_NAME = "$(TARGET_NAME)";
				TEST_HOST = "$(BUILT_PRODUCTS_DIR)/TheMazeProject.app/Contents/MacOS/TheMazeProject";
			};
			name = Release;
		};
		8178BF4C2199E81800C81462 /* Debug */ = {
			isa = XCBuildConfiguration;
			buildSettings = {
				CODE_SIGN_STYLE = Automatic;
				COMBINE_HIDPI_IMAGES = YES;
				INFOPLIST_FILE = TheMazeProjectUITests/Info.plist;
				LD_RUNPATH_SEARCH_PATHS = (
					"$(inherited)",
					"@executable_path/../Frameworks",
					"@loader_path/../Frameworks",
				);
				PRODUCT_BUNDLE_IDENTIFIER = cmu.TheMazeProjectUITests;
				PRODUCT_NAME = "$(TARGET_NAME)";
				TEST_TARGET_NAME = TheMazeProject;
			};
			name = Debug;
		};
		8178BF4D2199E81800C81462 /* Release */ = {
			isa = XCBuildConfiguration;
			buildSettings = {
				CODE_SIGN_STYLE = Automatic;
				COMBINE_HIDPI_IMAGES = YES;
				INFOPLIST_FILE = TheMazeProjectUITests/Info.plist;
				LD_RUNPATH_SEARCH_PATHS = (
					"$(inherited)",
					"@executable_path/../Frameworks",
					"@loader_path/../Frameworks",
				);
				PRODUCT_BUNDLE_IDENTIFIER = cmu.TheMazeProjectUITests;
				PRODUCT_NAME = "$(TARGET_NAME)";
				TEST_TARGET_NAME = TheMazeProject;
			};
			name = Release;
		};
/* End XCBuildConfiguration section */

/* Begin XCConfigurationList section */
		8178BF162199E81500C81462 /* Build configuration list for PBXProject "TheMazeProject" */ = {
			isa = XCConfigurationList;
			buildConfigurations = (
				8178BF432199E81800C81462 /* Debug */,
				8178BF442199E81800C81462 /* Release */,
			);
			defaultConfigurationIsVisible = 0;
			defaultConfigurationName = Release;
		};
		8178BF452199E81800C81462 /* Build configuration list for PBXNativeTarget "TheMazeProject" */ = {
			isa = XCConfigurationList;
			buildConfigurations = (
				8178BF462199E81800C81462 /* Debug */,
				8178BF472199E81800C81462 /* Release */,
			);
			defaultConfigurationIsVisible = 0;
			defaultConfigurationName = Release;
		};
		8178BF482199E81800C81462 /* Build configuration list for PBXNativeTarget "TheMazeProjectTests" */ = {
			isa = XCConfigurationList;
			buildConfigurations = (
				8178BF492199E81800C81462 /* Debug */,
				8178BF4A2199E81800C81462 /* Release */,
			);
			defaultConfigurationIsVisible = 0;
			defaultConfigurationName = Release;
		};
		8178BF4B2199E81800C81462 /* Build configuration list for PBXNativeTarget "TheMazeProjectUITests" */ = {
			isa = XCConfigurationList;
			buildConfigurations = (
				8178BF4C2199E81800C81462 /* Debug */,
				8178BF4D2199E81800C81462 /* Release */,
			);
			defaultConfigurationIsVisible = 0;
			defaultConfigurationName = Release;
		};
/* End XCConfigurationList section */
	};
	rootObject = 8178BF132199E81500C81462 /* Project object */;
}
